
Microsoft Visual Studio Solution File, Format Version 10.00
# Visual Studio 2008
Project("{FAE04EC0-301F-11D3-BF4B-00C04F79EFBC}") = "WalkieTalkie", "WalkieTalkie.csproj", "{A876DE5D-9DC8-42C4-B3D3-EBE06E284259}"
EndProject
Global
	GlobalSection(SolutionConfigurationPlatforms) = preSolution
		Debug|Any CPU = Debug|Any CPU
		Release|Any CPU = Release|Any CPU
	EndGlobalSection
	GlobalSection(ProjectConfigurationPlatforms) = postSolution
		{A876DE5D-9DC8-42C4-B3D3-EBE06E284259}.Debug|Any CPU.ActiveCfg = Debug|Any CPU
		{A876DE5D-9DC8-42C4-B3D3-EBE06E284259}.Debug|Any CPU.Build.0 = Debug|Any CPU
		{A876DE5D-9DC8-42C4-B3D3-EBE06E284259}.Release|Any CPU.ActiveCfg = Release|Any CPU
		{A876DE5D-9DC8-42C4-B3D3-EBE06E284259}.Release|Any CPU.Build.0 = Release|Any CPU
	EndGlobalSection
	GlobalSection(SolutionProperties) = preSolution
		HideSolutionNode = FALSE
	EndGlobalSection
EndGlobal
